
Microsoft Visual Studio Solution File, Format Version 12.00
# Visual Studio Version 17
VisualStudioVersion = 17.3.32819.101
MinimumVisualStudioVersion = 10.0.40219.1
Project("{FAE04EC0-301F-11D3-BF4B-00C04F79EFBC}") = "Leon21Blackjack", "Leon21Blackjack\Leon21Blackjack.csproj", "{E3186E17-E58E-4420-A0E8-80D69EDCF025}"
EndProject
Global
	GlobalSection(SolutionConfigurationPlatforms) = preSolution
		Debug|Any CPU = Debug|Any CPU
		Release|Any CPU = Release|Any CPU
	EndGlobalSection
	GlobalSection(ProjectConfigurationPlatforms) = postSolution
		{E3186E17-E58E-4420-A0E8-80D69EDCF025}.Debug|Any CPU.ActiveCfg = Debug|Any CPU
		{E3186E17-E58E-4420-A0E8-80D69EDCF025}.Debug|Any CPU.Build.0 = Debug|Any CPU
		{E3186E17-E58E-4420-A0E8-80D69EDCF025}.Release|Any CPU.ActiveCfg = Release|Any CPU
		{E3186E17-E58E-4420-A0E8-80D69EDCF025}.Release|Any CPU.Build.0 = Release|Any CPU
	EndGlobalSection
	GlobalSection(SolutionProperties) = preSolution
		HideSolutionNode = FALSE
	EndGlobalSection
	GlobalSection(ExtensibilityGlobals) = postSolution
		SolutionGuid = {C6BEDDC7-4B57-4CC0-852D-066317CC4B8C}
	EndGlobalSection
EndGlobal
